// !$*UTF8*$!
{
	archiveVersion = 1;
	classes = {
	};
	objectVersion = 50;
	objects = {

/* Begin PBXBuildFile section */
		7607449F290B1049000C9629 /* NewsTabWiew.swift in Sources */ = {isa = PBXBuildFile; fileRef = 7607449E290B1049000C9629 /* NewsTabWiew.swift */; };
		760744A1290B1753000C9629 /* EmptyPlaseholderView.swift in Sources */ = {isa = PBXBuildFile; fileRef = 760744A0290B1753000C9629 /* EmptyPlaseholderView.swift */; };
		760744A3290B1831000C9629 /* RetryView.swift in Sources */ = {isa = PBXBuildFile; fileRef = 760744A2290B1831000C9629 /* RetryView.swift */; };
		761880E0290F853500AB06FD /* TextArticleView.swift in Sources */ = {isa = PBXBuildFile; fileRef = 761880DF290F853500AB06FD /* TextArticleView.swift */; };
		761880E2291054CB00AB06FD /* ArticleImageView.swift in Sources */ = {isa = PBXBuildFile; fileRef = 761880E1291054CB00AB06FD /* ArticleImageView.swift */; };
		762B0E62290D1DE2001C4257 /* ArticleBookmarkViewModel.swift in Sources */ = {isa = PBXBuildFile; fileRef = 762B0E61290D1DE2001C4257 /* ArticleBookmarkViewModel.swift */; };
		762FCF162901046200EE9B3A /* NewsAPI.swift in Sources */ = {isa = PBXBuildFile; fileRef = 762FCF152901046200EE9B3A /* NewsAPI.swift */; };
		762FCF1B2901058100EE9B3A /* Category.swift in Sources */ = {isa = PBXBuildFile; fileRef = 762FCF1A2901058100EE9B3A /* Category.swift */; };
		7632183C28FDE5160038BD0C /* ArticleListView.swift in Sources */ = {isa = PBXBuildFile; fileRef = 7632183B28FDE5160038BD0C /* ArticleListView.swift */; };
		7632183F28FDE8280038BD0C /* SafariView.swift in Sources */ = {isa = PBXBuildFile; fileRef = 7632183E28FDE8280038BD0C /* SafariView.swift */; };
		7636C8412903E4D3006E7AA0 /* ArticleNewsViewModel.swift in Sources */ = {isa = PBXBuildFile; fileRef = 7636C8402903E4D3006E7AA0 /* ArticleNewsViewModel.swift */; };
		763E865828FAB5FF003AE40D /* NewsHomeWorkApiApp.swift in Sources */ = {isa = PBXBuildFile; fileRef = 763E865728FAB5FF003AE40D /* NewsHomeWorkApiApp.swift */; };
		763E865A28FAB5FF003AE40D /* ContentView.swift in Sources */ = {isa = PBXBuildFile; fileRef = 763E865928FAB5FF003AE40D /* ContentView.swift */; };
		763E865C28FAB600003AE40D /* Assets.xcassets in Resources */ = {isa = PBXBuildFile; fileRef = 763E865B28FAB600003AE40D /* Assets.xcassets */; };
		763E865F28FAB600003AE40D /* Preview Assets.xcassets in Resources */ = {isa = PBXBuildFile; fileRef = 763E865E28FAB600003AE40D /* Preview Assets.xcassets */; };
		763E866B28FAB98A003AE40D /* Article.swift in Sources */ = {isa = PBXBuildFile; fileRef = 763E866A28FAB98A003AE40D /* Article.swift */; };
		763E867228FABF1A003AE40D /* NewsAPIResponse.swift in Sources */ = {isa = PBXBuildFile; fileRef = 763E867128FABF1A003AE40D /* NewsAPIResponse.swift */; };
		763E867F28FACB99003AE40D /* news.json in Resources */ = {isa = PBXBuildFile; fileRef = 763E867E28FACB99003AE40D /* news.json */; };
		763E868328FAD0CC003AE40D /* ArticleRowView.swift in Sources */ = {isa = PBXBuildFile; fileRef = 763E868228FAD0CC003AE40D /* ArticleRowView.swift */; };
		76EB5937290D339A0091368D /* BookmarkTabView.swift in Sources */ = {isa = PBXBuildFile; fileRef = 76EB5936290D339A0091368D /* BookmarkTabView.swift */; };
		76EB5939290D3A7E0091368D /* DataStore.swift in Sources */ = {isa = PBXBuildFile; fileRef = 76EB5938290D3A7E0091368D /* DataStore.swift */; };
		76EB593D290D4C380091368D /* ArticleSearchVirewModel.swift in Sources */ = {isa = PBXBuildFile; fileRef = 76EB593C290D4C380091368D /* ArticleSearchVirewModel.swift */; };
		76EB593F290D4DFF0091368D /* SearchTabView.swift in Sources */ = {isa = PBXBuildFile; fileRef = 76EB593E290D4DFF0091368D /* SearchTabView.swift */; };
/* End PBXBuildFile section */

/* Begin PBXFileReference section */
		7607449E290B1049000C9629 /* NewsTabWiew.swift */ = {isa = PBXFileReference; lastKnownFileType = sourcecode.swift; path = NewsTabWiew.swift; sourceTree = "<group>"; };
		760744A0290B1753000C9629 /* EmptyPlaseholderView.swift */ = {isa = PBXFileReference; lastKnownFileType = sourcecode.swift; path = EmptyPlaseholderView.swift; sourceTree = "<group>"; };
		760744A2290B1831000C9629 /* RetryView.swift */ = {isa = PBXFileReference; lastKnownFileType = sourcecode.swift; path = RetryView.swift; sourceTree = "<group>"; };
		761880DF290F853500AB06FD /* TextArticleView.swift */ = {isa = PBXFileReference; lastKnownFileType = sourcecode.swift; path = TextArticleView.swift; sourceTree = "<group>"; };
		761880E1291054CB00AB06FD /* ArticleImageView.swift */ = {isa = PBXFileReference; lastKnownFileType = sourcecode.swift; path = ArticleImageView.swift; sourceTree = "<group>"; };
		762B0E61290D1DE2001C4257 /* ArticleBookmarkViewModel.swift */ = {isa = PBXFileReference; lastKnownFileType = sourcecode.swift; path = ArticleBookmarkViewModel.swift; sourceTree = "<group>"; };
		762FCF152901046200EE9B3A /* NewsAPI.swift */ = {isa = PBXFileReference; lastKnownFileType = sourcecode.swift; path = NewsAPI.swift; sourceTree = "<group>"; };
		762FCF1A2901058100EE9B3A /* Category.swift */ = {isa = PBXFileReference; lastKnownFileType = sourcecode.swift; path = Category.swift; sourceTree = "<group>"; };
		7632183B28FDE5160038BD0C /* ArticleListView.swift */ = {isa = PBXFileReference; lastKnownFileType = sourcecode.swift; path = ArticleListView.swift; sourceTree = "<group>"; };
		7632183E28FDE8280038BD0C /* SafariView.swift */ = {isa = PBXFileReference; lastKnownFileType = sourcecode.swift; path = SafariView.swift; sourceTree = "<group>"; };
		7636C8402903E4D3006E7AA0 /* ArticleNewsViewModel.swift */ = {isa = PBXFileReference; lastKnownFileType = sourcecode.swift; path = ArticleNewsViewModel.swift; sourceTree = "<group>"; };
		763E865428FAB5FF003AE40D /* NewsHomeWorkApi.app */ = {isa = PBXFileReference; explicitFileType = wrapper.application; includeInIndex = 0; path = NewsHomeWorkApi.app; sourceTree = BUILT_PRODUCTS_DIR; };
		763E865728FAB5FF003AE40D /* NewsHomeWorkApiApp.swift */ = {isa = PBXFileReference; lastKnownFileType = sourcecode.swift; path = NewsHomeWorkApiApp.swift; sourceTree = "<group>"; };
		763E865928FAB5FF003AE40D /* ContentView.swift */ = {isa = PBXFileReference; lastKnownFileType = sourcecode.swift; path = ContentView.swift; sourceTree = "<group>"; };
		763E865B28FAB600003AE40D /* Assets.xcassets */ = {isa = PBXFileReference; lastKnownFileType = folder.assetcatalog; path = Assets.xcassets; sourceTree = "<group>"; };
		763E865E28FAB600003AE40D /* Preview Assets.xcassets */ = {isa = PBXFileReference; lastKnownFileType = folder.assetcatalog; path = "Preview Assets.xcassets"; sourceTree = "<group>"; };
		763E866028FAB600003AE40D /* Info.plist */ = {isa = PBXFileReference; lastKnownFileType = text.plist.xml; path = Info.plist; sourceTree = "<group>"; };
		763E866A28FAB98A003AE40D /* Article.swift */ = {isa = PBXFileReference; lastKnownFileType = sourcecode.swift; path = Article.swift; sourceTree = "<group>"; };
		763E867128FABF1A003AE40D /* NewsAPIResponse.swift */ = {isa = PBXFileReference; lastKnownFileType = sourcecode.swift; path = NewsAPIResponse.swift; sourceTree = "<group>"; };
		763E867E28FACB99003AE40D /* news.json */ = {isa = PBXFileReference; fileEncoding = 4; lastKnownFileType = text.json; path = news.json; sourceTree = "<group>"; };
		763E868228FAD0CC003AE40D /* ArticleRowView.swift */ = {isa = PBXFileReference; lastKnownFileType = sourcecode.swift; path = ArticleRowView.swift; sourceTree = "<group>"; };
		76EB5936290D339A0091368D /* BookmarkTabView.swift */ = {isa = PBXFileReference; lastKnownFileType = sourcecode.swift; path = BookmarkTabView.swift; sourceTree = "<group>"; };
		76EB5938290D3A7E0091368D /* DataStore.swift */ = {isa = PBXFileReference; lastKnownFileType = sourcecode.swift; path = DataStore.swift; sourceTree = "<group>"; };
		76EB593C290D4C380091368D /* ArticleSearchVirewModel.swift */ = {isa = PBXFileReference; lastKnownFileType = sourcecode.swift; path = ArticleSearchVirewModel.swift; sourceTree = "<group>"; };
		76EB593E290D4DFF0091368D /* SearchTabView.swift */ = {isa = PBXFileReference; lastKnownFileType = sourcecode.swift; path = SearchTabView.swift; sourceTree = "<group>"; };
/* End PBXFileReference section */

/* Begin PBXFrameworksBuildPhase section */
		763E865128FAB5FF003AE40D /* Frameworks */ = {
			isa = PBXFrameworksBuildPhase;
			buildActionMask = 2147483647;
			files = (
			);
			runOnlyForDeploymentPostprocessing = 0;
		};
/* End PBXFrameworksBuildPhase section */

/* Begin PBXGroup section */
		762FCF142901044400EE9B3A /* API */ = {
			isa = PBXGroup;
			children = (
				762FCF152901046200EE9B3A /* NewsAPI.swift */,
			);
			path = API;
			sourceTree = "<group>";
		};
		7636C8452903E4F0006E7AA0 /* ViewModel */ = {
			isa = PBXGroup;
			children = (
				7636C8402903E4D3006E7AA0 /* ArticleNewsViewModel.swift */,
				762B0E61290D1DE2001C4257 /* ArticleBookmarkViewModel.swift */,
				76EB593C290D4C380091368D /* ArticleSearchVirewModel.swift */,
			);
			path = ViewModel;
			sourceTree = "<group>";
		};
		763E864B28FAB5FF003AE40D = {
			isa = PBXGroup;
			children = (
				763E865628FAB5FF003AE40D /* NewsHomeWorkApi */,
				763E865528FAB5FF003AE40D /* Products */,
			);
			sourceTree = "<group>";
		};
		763E865528FAB5FF003AE40D /* Products */ = {
			isa = PBXGroup;
			children = (
				763E865428FAB5FF003AE40D /* NewsHomeWorkApi.app */,
			);
			name = Products;
			sourceTree = "<group>";
		};
		763E865628FAB5FF003AE40D /* NewsHomeWorkApi */ = {
			isa = PBXGroup;
			children = (
				763E865728FAB5FF003AE40D /* NewsHomeWorkApiApp.swift */,
				763E865928FAB5FF003AE40D /* ContentView.swift */,
				763E867428FAC0BB003AE40D /* Views */,
				762FCF142901044400EE9B3A /* API */,
				7636C8452903E4F0006E7AA0 /* ViewModel */,
				763E866D28FAB98F003AE40D /* Model */,
				763E865B28FAB600003AE40D /* Assets.xcassets */,
				763E866028FAB600003AE40D /* Info.plist */,
				763E867E28FACB99003AE40D /* news.json */,
				763E865D28FAB600003AE40D /* Preview Content */,
			);
			path = NewsHomeWorkApi;
			sourceTree = "<group>";
		};
		763E865D28FAB600003AE40D /* Preview Content */ = {
			isa = PBXGroup;
			children = (
				763E865E28FAB600003AE40D /* Preview Assets.xcassets */,
			);
			path = "Preview Content";
			sourceTree = "<group>";
		};
		763E866D28FAB98F003AE40D /* Model */ = {
			isa = PBXGroup;
			children = (
				763E866A28FAB98A003AE40D /* Article.swift */,
				763E867128FABF1A003AE40D /* NewsAPIResponse.swift */,
				762FCF1A2901058100EE9B3A /* Category.swift */,
				76EB5938290D3A7E0091368D /* DataStore.swift */,
			);
			path = Model;
			sourceTree = "<group>";
		};
		763E867428FAC0BB003AE40D /* Views */ = {
			isa = PBXGroup;
			children = (
				763E868228FAD0CC003AE40D /* ArticleRowView.swift */,
				761880E1291054CB00AB06FD /* ArticleImageView.swift */,
				761880DF290F853500AB06FD /* TextArticleView.swift */,
				7632183B28FDE5160038BD0C /* ArticleListView.swift */,
				7632183E28FDE8280038BD0C /* SafariView.swift */,
				7607449E290B1049000C9629 /* NewsTabWiew.swift */,
				760744A0290B1753000C9629 /* EmptyPlaseholderView.swift */,
				760744A2290B1831000C9629 /* RetryView.swift */,
				76EB5936290D339A0091368D /* BookmarkTabView.swift */,
				76EB593E290D4DFF0091368D /* SearchTabView.swift */,
			);
			path = Views;
			sourceTree = "<group>";
		};
/* End PBXGroup section */

/* Begin PBXNativeTarget section */
		763E865328FAB5FF003AE40D /* NewsHomeWorkApi */ = {
			isa = PBXNativeTarget;
			buildConfigurationList = 763E866328FAB600003AE40D /* Build configuration list for PBXNativeTarget "NewsHomeWorkApi" */;
			buildPhases = (
				763E865028FAB5FF003AE40D /* Sources */,
				763E865128FAB5FF003AE40D /* Frameworks */,
				763E865228FAB5FF003AE40D /* Resources */,
			);
			buildRules = (
			);
			dependencies = (
			);
			name = NewsHomeWorkApi;
			productName = NewsHomeWorkApi;
			productReference = 763E865428FAB5FF003AE40D /* NewsHomeWorkApi.app */;
			productType = "com.apple.product-type.application";
		};
/* End PBXNativeTarget section */

/* Begin PBXProject section */
		763E864C28FAB5FF003AE40D /* Project object */ = {
			isa = PBXProject;
			attributes = {
				LastSwiftUpdateCheck = 1240;
				LastUpgradeCheck = 1240;
				TargetAttributes = {
					763E865328FAB5FF003AE40D = {
						CreatedOnToolsVersion = 12.4;
					};
				};
			};
			buildConfigurationList = 763E864F28FAB5FF003AE40D /* Build configuration list for PBXProject "NewsHomeWorkApi" */;
			compatibilityVersion = "Xcode 9.3";
			developmentRegion = en;
			hasScannedForEncodings = 0;
			knownRegions = (
				en,
				Base,
			);
			mainGroup = 763E864B28FAB5FF003AE40D;
			productRefGroup = 763E865528FAB5FF003AE40D /* Products */;
			projectDirPath = "";
			projectRoot = "";
			targets = (
				763E865328FAB5FF003AE40D /* NewsHomeWorkApi */,
			);
		};
/* End PBXProject section */

/* Begin PBXResourcesBuildPhase section */
		763E865228FAB5FF003AE40D /* Resources */ = {
			isa = PBXResourcesBuildPhase;
			buildActionMask = 2147483647;
			files = (
				763E867F28FACB99003AE40D /* news.json in Resources */,
				763E865F28FAB600003AE40D /* Preview Assets.xcassets in Resources */,
				763E865C28FAB600003AE40D /* Assets.xcassets in Resources */,
			);
			runOnlyForDeploymentPostprocessing = 0;
		};
/* End PBXResourcesBuildPhase section */

/* Begin PBXSourcesBuildPhase section */
		763E865028FAB5FF003AE40D /* Sources */ = {
			isa = PBXSourcesBuildPhase;
			buildActionMask = 2147483647;
			files = (
				761880E0290F853500AB06FD /* TextArticleView.swift in Sources */,
				7636C8412903E4D3006E7AA0 /* ArticleNewsViewModel.swift in Sources */,
				76EB5939290D3A7E0091368D /* DataStore.swift in Sources */,
				763E865A28FAB5FF003AE40D /* ContentView.swift in Sources */,
				760744A1290B1753000C9629 /* EmptyPlaseholderView.swift in Sources */,
				7632183F28FDE8280038BD0C /* SafariView.swift in Sources */,
				760744A3290B1831000C9629 /* RetryView.swift in Sources */,
				7607449F290B1049000C9629 /* NewsTabWiew.swift in Sources */,
				7632183C28FDE5160038BD0C /* ArticleListView.swift in Sources */,
				76EB593F290D4DFF0091368D /* SearchTabView.swift in Sources */,
				763E868328FAD0CC003AE40D /* ArticleRowView.swift in Sources */,
				761880E2291054CB00AB06FD /* ArticleImageView.swift in Sources */,
				763E865828FAB5FF003AE40D /* NewsHomeWorkApiApp.swift in Sources */,
				762B0E62290D1DE2001C4257 /* ArticleBookmarkViewModel.swift in Sources */,
				762FCF1B2901058100EE9B3A /* Category.swift in Sources */,
				76EB593D290D4C380091368D /* ArticleSearchVirewModel.swift in Sources */,
				763E867228FABF1A003AE40D /* NewsAPIResponse.swift in Sources */,
				763E866B28FAB98A003AE40D /* Article.swift in Sources */,
				762FCF162901046200EE9B3A /* NewsAPI.swift in Sources */,
				76EB5937290D339A0091368D /* BookmarkTabView.swift in Sources */,
			);
			runOnlyForDeploymentPostprocessing = 0;
		};
/* End PBXSourcesBuildPhase section */

/* Begin XCBuildConfiguration section */
		763E866128FAB600003AE40D /* Debug */ = {
			isa = XCBuildConfiguration;
			buildSettings = {
				ALWAYS_SEARCH_USER_PATHS = NO;
				CLANG_ANALYZER_NONNULL = YES;
				CLANG_ANALYZER_NUMBER_OBJECT_CONVERSION = YES_AGGRESSIVE;
				CLANG_CXX_LANGUAGE_STANDARD = "gnu++14";
				CLANG_CXX_LIBRARY = "libc++";
				CLANG_ENABLE_MODULES = YES;
				CLANG_ENABLE_OBJC_ARC = YES;
				CLANG_ENABLE_OBJC_WEAK = YES;
				CLANG_WARN_BLOCK_CAPTURE_AUTORELEASING = YES;
				CLANG_WARN_BOOL_CONVERSION = YES;
				CLANG_WARN_COMMA = YES;
				CLANG_WARN_CONSTANT_CONVERSION = YES;
				CLANG_WARN_DEPRECATED_OBJC_IMPLEMENTATIONS = YES;
				CLANG_WARN_DIRECT_OBJC_ISA_USAGE = YES_ERROR;
				CLANG_WARN_DOCUMENTATION_COMMENTS = YES;
				CLANG_WARN_EMPTY_BODY = YES;
				CLANG_WARN_ENUM_CONVERSION = YES;
				CLANG_WARN_INFINITE_RECURSION = YES;
				CLANG_WARN_INT_CONVERSION = YES;
				CLANG_WARN_NON_LITERAL_NULL_CONVERSION = YES;
				CLANG_WARN_OBJC_IMPLICIT_RETAIN_SELF = YES;
				CLANG_WARN_OBJC_LITERAL_CONVERSION = YES;
				CLANG_WARN_OBJC_ROOT_CLASS = YES_ERROR;
				CLANG_WARN_QUOTED_INCLUDE_IN_FRAMEWORK_HEADER = YES;
				CLANG_WARN_RANGE_LOOP_ANALYSIS = YES;
				CLANG_WARN_STRICT_PROTOTYPES = YES;
				CLANG_WARN_SUSPICIOUS_MOVE = YES;
				CLANG_WARN_UNGUARDED_AVAILABILITY = YES_AGGRESSIVE;
				CLANG_WARN_UNREACHABLE_CODE = YES;
				CLANG_WARN__DUPLICATE_METHOD_MATCH = YES;
				COPY_PHASE_STRIP = NO;
				DEBUG_INFORMATION_FORMAT = dwarf;
				ENABLE_STRICT_OBJC_MSGSEND = YES;
				ENABLE_TESTABILITY = YES;
				GCC_C_LANGUAGE_STANDARD = gnu11;
				GCC_DYNAMIC_NO_PIC = NO;
				GCC_NO_COMMON_BLOCKS = YES;
				GCC_OPTIMIZATION_LEVEL = 0;
				GCC_PREPROCESSOR_DEFINITIONS = (
					"DEBUG=1",
					"$(inherited)",
				);
				GCC_WARN_64_TO_32_BIT_CONVERSION = YES;
				GCC_WARN_ABOUT_RETURN_TYPE = YES_ERROR;
				GCC_WARN_UNDECLARED_SELECTOR = YES;
				GCC_WARN_UNINITIALIZED_AUTOS = YES_AGGRESSIVE;
				GCC_WARN_UNUSED_FUNCTION = YES;
				GCC_WARN_UNUSED_VARIABLE = YES;
				IPHONEOS_DEPLOYMENT_TARGET = 14.4;
				MTL_ENABLE_DEBUG_INFO = INCLUDE_SOURCE;
				MTL_FAST_MATH = YES;
				ONLY_ACTIVE_ARCH = YES;
				SDKROOT = iphoneos;
				SWIFT_ACTIVE_COMPILATION_CONDITIONS = DEBUG;
				SWIFT_OPTIMIZATION_LEVEL = "-Onone";
			};
			name = Debug;
		};
		763E866228FAB600003AE40D /* Release */ = {
			isa = XCBuildConfiguration;
			buildSettings = {
				ALWAYS_SEARCH_USER_PATHS = NO;
				CLANG_ANALYZER_NONNULL = YES;
				CLANG_ANALYZER_NUMBER_OBJECT_CONVERSION = YES_AGGRESSIVE;
				CLANG_CXX_LANGUAGE_STANDARD = "gnu++14";
				CLANG_CXX_LIBRARY = "libc++";
				CLANG_ENABLE_MODULES = YES;
				CLANG_ENABLE_OBJC_ARC = YES;
				CLANG_ENABLE_OBJC_WEAK = YES;
				CLANG_WARN_BLOCK_CAPTURE_AUTORELEASING = YES;
				CLANG_WARN_BOOL_CONVERSION = YES;
				CLANG_WARN_COMMA = YES;
				CLANG_WARN_CONSTANT_CONVERSION = YES;
				CLANG_WARN_DEPRECATED_OBJC_IMPLEMENTATIONS = YES;
				CLANG_WARN_DIRECT_OBJC_ISA_USAGE = YES_ERROR;
				CLANG_WARN_DOCUMENTATION_COMMENTS = YES;
				CLANG_WARN_EMPTY_BODY = YES;
				CLANG_WARN_ENUM_CONVERSION = YES;
				CLANG_WARN_INFINITE_RECURSION = YES;
				CLANG_WARN_INT_CONVERSION = YES;
				CLANG_WARN_NON_LITERAL_NULL_CONVERSION = YES;
				CLANG_WARN_OBJC_IMPLICIT_RETAIN_SELF = YES;
				CLANG_WARN_OBJC_LITERAL_CONVERSION = YES;
				CLANG_WARN_OBJC_ROOT_CLASS = YES_ERROR;
				CLANG_WARN_QUOTED_INCLUDE_IN_FRAMEWORK_HEADER = YES;
				CLANG_WARN_RANGE_LOOP_ANALYSIS = YES;
				CLANG_WARN_STRICT_PROTOTYPES = YES;
				CLANG_WARN_SUSPICIOUS_MOVE = YES;
				CLANG_WARN_UNGUARDED_AVAILABILITY = YES_AGGRESSIVE;
				CLANG_WARN_UNREACHABLE_CODE = YES;
				CLANG_WARN__DUPLICATE_METHOD_MATCH = YES;
				COPY_PHASE_STRIP = NO;
				DEBUG_INFORMATION_FORMAT = "dwarf-with-dsym";
				ENABLE_NS_ASSERTIONS = NO;
				ENABLE_STRICT_OBJC_MSGSEND = YES;
				GCC_C_LANGUAGE_STANDARD = gnu11;
				GCC_NO_COMMON_BLOCKS = YES;
				GCC_WARN_64_TO_32_BIT_CONVERSION = YES;
				GCC_WARN_ABOUT_RETURN_TYPE = YES_ERROR;
				GCC_WARN_UNDECLARED_SELECTOR = YES;
				GCC_WARN_UNINITIALIZED_AUTOS = YES_AGGRESSIVE;
				GCC_WARN_UNUSED_FUNCTION = YES;
				GCC_WARN_UNUSED_VARIABLE = YES;
				IPHONEOS_DEPLOYMENT_TARGET = 14.4;
				MTL_ENABLE_DEBUG_INFO = NO;
				MTL_FAST_MATH = YES;
				SDKROOT = iphoneos;
				SWIFT_COMPILATION_MODE = wholemodule;
				SWIFT_OPTIMIZATION_LEVEL = "-O";
				VALIDATE_PRODUCT = YES;
			};
			name = Release;
		};
		763E866428FAB600003AE40D /* Debug */ = {
			isa = XCBuildConfiguration;
			buildSettings = {
				ASSETCATALOG_COMPILER_APPICON_NAME = AppIcon;
				ASSETCATALOG_COMPILER_GLOBAL_ACCENT_COLOR_NAME = AccentColor;
				CODE_SIGN_STYLE = Automatic;
				DEVELOPMENT_ASSET_PATHS = "\"NewsHomeWorkApi/Preview Content\"";
				DEVELOPMENT_TEAM = 9S5AJR5C22;
				ENABLE_PREVIEWS = YES;
				INFOPLIST_FILE = NewsHomeWorkApi/Info.plist;
				IPHONEOS_DEPLOYMENT_TARGET = 15.0;
				LD_RUNPATH_SEARCH_PATHS = (
					"$(inherited)",
					"@executable_path/Frameworks",
				);
				PRODUCT_BUNDLE_IDENTIFIER = com.rzamolotov.NewsHomeWorkApi;
				PRODUCT_NAME = "$(TARGET_NAME)";
				SUPPORTED_PLATFORMS = "iphoneos iphonesimulator";
				SUPPORTS_MACCATALYST = NO;
				SUPPORTS_MAC_DESIGNED_FOR_IPHONE_IPAD = NO;
				SWIFT_VERSION = 5.0;
				TARGETED_DEVICE_FAMILY = 1;
			};
			name = Debug;
		};
		763E866528FAB600003AE40D /* Release */ = {
			isa = XCBuildConfiguration;
			buildSettings = {
				ASSETCATALOG_COMPILER_APPICON_NAME = AppIcon;
				ASSETCATALOG_COMPILER_GLOBAL_ACCENT_COLOR_NAME = AccentColor;
				CODE_SIGN_STYLE = Automatic;
				DEVELOPMENT_ASSET_PATHS = "\"NewsHomeWorkApi/Preview Content\"";
				DEVELOPMENT_TEAM = 9S5AJR5C22;
				ENABLE_PREVIEWS = YES;
				INFOPLIST_FILE = NewsHomeWorkApi/Info.plist;
				IPHONEOS_DEPLOYMENT_TARGET = 15.0;
				LD_RUNPATH_SEARCH_PATHS = (
					"$(inherited)",
					"@executable_path/Frameworks",
				);
				PRODUCT_BUNDLE_IDENTIFIER = com.rzamolotov.NewsHomeWorkApi;
				PRODUCT_NAME = "$(TARGET_NAME)";
				SUPPORTED_PLATFORMS = "iphoneos iphonesimulator";
				SUPPORTS_MACCATALYST = NO;
				SUPPORTS_MAC_DESIGNED_FOR_IPHONE_IPAD = NO;
				SWIFT_VERSION = 5.0;
				TARGETED_DEVICE_FAMILY = 1;
			};
			name = Release;
		};
/* End XCBuildConfiguration section */

/* Begin XCConfigurationList section */
		763E864F28FAB5FF003AE40D /* Build configuration list for PBXProject "NewsHomeWorkApi" */ = {
			isa = XCConfigurationList;
			buildConfigurations = (
				763E866128FAB600003AE40D /* Debug */,
				763E866228FAB600003AE40D /* Release */,
			);
			defaultConfigurationIsVisible = 0;
			defaultConfigurationName = Release;
		};
		763E866328FAB600003AE40D /* Build configuration list for PBXNativeTarget "NewsHomeWorkApi" */ = {
			isa = XCConfigurationList;
			buildConfigurations = (
				763E866428FAB600003AE40D /* Debug */,
				763E866528FAB600003AE40D /* Release */,
			);
			defaultConfigurationIsVisible = 0;
			defaultConfigurationName = Release;
		};
/* End XCConfigurationList section */
	};
	rootObject = 763E864C28FAB5FF003AE40D /* Project object */;
}
